{
	"name": "@atomicfinance/types",
	"version": "2.2.2",
	"lockfileVersion": 1,
	"requires": true,
	"dependencies": {
		"@liquality/types": {
			"version": "1.1.5",
			"resolved": "https://registry.npmjs.org/@liquality/types/-/types-1.1.5.tgz",
			"integrity": "sha512-PL+y2dXtXK4D4l8diDZjkKTLuyD0HwnLT1cEv1Lw8YE46DRG3nls7nasje91VsQTxrzVbMZUBiRs+naFHATyxA==",
			"requires": {
				"bignumber.js": "^9.0.1"
			}
		},
		"@types/lodash": {
			"version": "4.14.170",
			"resolved": "https://registry.npmjs.org/@types/lodash/-/lodash-4.14.170.tgz",
			"integrity": "sha512-bpcvu/MKHHeYX+qeEN8GE7DIravODWdACVA1ctevD8CN24RhPZIKMn9ntfAsrvLfSX3cR5RrBKAbYm9bGs0A+Q==",
			"dev": true
		},
		"bignumber.js": {
			"version": "9.0.1",
			"resolved": "https://registry.npmjs.org/bignumber.js/-/bignumber.js-9.0.1.tgz",
			"integrity": "sha512-IdZR9mh6ahOBv/hYGiXyVuyCetmGJhtYkqLBpTStdhEGjegpPlUawydyaF3pbIOFynJTpllEs+NP+CS9jKFLjA=="
		},
		"lodash": {
			"version": "4.17.21",
			"resolved": "https://registry.npmjs.org/lodash/-/lodash-4.17.21.tgz",
			"integrity": "sha512-v2kDEe57lecTulaDIuNTPy3Ry4gLGJ6Z1O3vE1krgXZNrsQ+LFTGHVxVjcXPs17LhbZVGedAJv8XZ1tvj5FvSg=="
		}
	}
}
